// !$*UTF8*$!
{
	archiveVersion = 1;
	classes = {
	};
	objectVersion = 56;
	objects = {

/* Begin PBXBuildFile section */
		423930D42B5827B40020D8E7 /* Settings.storyboard in Resources */ = {isa = PBXBuildFile; fileRef = 423930D32B5827B40020D8E7 /* Settings.storyboard */; };
		4299355C2B58A93900EC6409 /* AboutUsViewController.swift in Sources */ = {isa = PBXBuildFile; fileRef = 4299355B2B58A93900EC6409 /* AboutUsViewController.swift */; };
		4299355E2B58AA1100EC6409 /* SettingsTableViewController.swift in Sources */ = {isa = PBXBuildFile; fileRef = 4299355D2B58AA1100EC6409 /* SettingsTableViewController.swift */; };
		6B14852D2B45ACC400347171 /* WelcomeSB.storyboard in Resources */ = {isa = PBXBuildFile; fileRef = 6B14852C2B45ACC400347171 /* WelcomeSB.storyboard */; };
		6B1485312B45AFAC00347171 /* AboutUsSB.storyboard in Resources */ = {isa = PBXBuildFile; fileRef = 6B1485302B45AFAC00347171 /* AboutUsSB.storyboard */; };
		6B1485332B45B00F00347171 /* CartSB.storyboard in Resources */ = {isa = PBXBuildFile; fileRef = 6B1485322B45B00F00347171 /* CartSB.storyboard */; };
		6B2268752B5450C8003A1F2A /* QuizSB.storyboard in Resources */ = {isa = PBXBuildFile; fileRef = 6B2268742B5450C8003A1F2A /* QuizSB.storyboard */; };
		6B5800E32B493E6000C59391 /* MenuSB.storyboard in Resources */ = {isa = PBXBuildFile; fileRef = 6B5800E22B493E6000C59391 /* MenuSB.storyboard */; };
		6B5800E52B49417800C59391 /* MenuTableViewController.swift in Sources */ = {isa = PBXBuildFile; fileRef = 6B5800E42B49417800C59391 /* MenuTableViewController.swift */; };
		6B5800E72B4947D900C59391 /* MenuTableViewCell.swift in Sources */ = {isa = PBXBuildFile; fileRef = 6B5800E62B4947D900C59391 /* MenuTableViewCell.swift */; };
		6B7E94AC2B39F46B00170816 /* AppDelegate.swift in Sources */ = {isa = PBXBuildFile; fileRef = 6B7E94AB2B39F46B00170816 /* AppDelegate.swift */; };
		6B7E94AE2B39F46B00170816 /* SceneDelegate.swift in Sources */ = {isa = PBXBuildFile; fileRef = 6B7E94AD2B39F46B00170816 /* SceneDelegate.swift */; };
		6B7E94B02B39F46B00170816 /* ViewController.swift in Sources */ = {isa = PBXBuildFile; fileRef = 6B7E94AF2B39F46B00170816 /* ViewController.swift */; };
		6B7E94B32B39F46B00170816 /* Main.storyboard in Resources */ = {isa = PBXBuildFile; fileRef = 6B7E94B12B39F46B00170816 /* Main.storyboard */; };
		6B7E94B52B39F46F00170816 /* Assets.xcassets in Resources */ = {isa = PBXBuildFile; fileRef = 6B7E94B42B39F46F00170816 /* Assets.xcassets */; };
		6B7E94B82B39F46F00170816 /* LaunchScreen.storyboard in Resources */ = {isa = PBXBuildFile; fileRef = 6B7E94B62B39F46F00170816 /* LaunchScreen.storyboard */; };
		6B7E94DC2B3A676700170816 /* Product.swift in Sources */ = {isa = PBXBuildFile; fileRef = 6B7E94DB2B3A676600170816 /* Product.swift */; };
		6B88B3CC2B4DFE8A000DAB92 /* QuizTableViewCell.swift in Sources */ = {isa = PBXBuildFile; fileRef = 6B88B3CB2B4DFE8A000DAB92 /* QuizTableViewCell.swift */; };
		88C1CDE52B4DBF300044EB9F /* DataStore.swift in Sources */ = {isa = PBXBuildFile; fileRef = 88C1CDE42B4DBF300044EB9F /* DataStore.swift */; };
		88C1CDE92B4DDCC50044EB9F /* SessionManager.swift in Sources */ = {isa = PBXBuildFile; fileRef = 88C1CDE82B4DDCC50044EB9F /* SessionManager.swift */; };
		C448857E2B45BB9F001B52A1 /* WelcomeViewController.swift in Sources */ = {isa = PBXBuildFile; fileRef = C448857D2B45BB9F001B52A1 /* WelcomeViewController.swift */; };
		C4BCBE482B45E60E002D2327 /* RegistrationViewController.swift in Sources */ = {isa = PBXBuildFile; fileRef = C4BCBE472B45E60E002D2327 /* RegistrationViewController.swift */; };
		C4BCBE4A2B46062C002D2327 /* User.swift in Sources */ = {isa = PBXBuildFile; fileRef = C4BCBE492B46062C002D2327 /* User.swift */; };
/* End PBXBuildFile section */

/* Begin PBXContainerItemProxy section */
		6B7E94BF2B39F47000170816 /* PBXContainerItemProxy */ = {
			isa = PBXContainerItemProxy;
			containerPortal = 6B7E94A02B39F46A00170816 /* Project object */;
			proxyType = 1;
			remoteGlobalIDString = 6B7E94A72B39F46B00170816;
			remoteInfo = cutletQuestApp;
		};
		6B7E94C92B39F47000170816 /* PBXContainerItemProxy */ = {
			isa = PBXContainerItemProxy;
			containerPortal = 6B7E94A02B39F46A00170816 /* Project object */;
			proxyType = 1;
			remoteGlobalIDString = 6B7E94A72B39F46B00170816;
			remoteInfo = cutletQuestApp;
		};
/* End PBXContainerItemProxy section */

/* Begin PBXFileReference section */
		423930D32B5827B40020D8E7 /* Settings.storyboard */ = {isa = PBXFileReference; lastKnownFileType = file.storyboard; path = Settings.storyboard; sourceTree = "<group>"; };
		4299355B2B58A93900EC6409 /* AboutUsViewController.swift */ = {isa = PBXFileReference; lastKnownFileType = sourcecode.swift; path = AboutUsViewController.swift; sourceTree = "<group>"; };
		4299355D2B58AA1100EC6409 /* SettingsTableViewController.swift */ = {isa = PBXFileReference; lastKnownFileType = sourcecode.swift; path = SettingsTableViewController.swift; sourceTree = "<group>"; };
		6B14852C2B45ACC400347171 /* WelcomeSB.storyboard */ = {isa = PBXFileReference; lastKnownFileType = file.storyboard; path = WelcomeSB.storyboard; sourceTree = "<group>"; };
		6B1485302B45AFAC00347171 /* AboutUsSB.storyboard */ = {isa = PBXFileReference; lastKnownFileType = file.storyboard; path = AboutUsSB.storyboard; sourceTree = "<group>"; };
		6B1485322B45B00F00347171 /* CartSB.storyboard */ = {isa = PBXFileReference; lastKnownFileType = file.storyboard; path = CartSB.storyboard; sourceTree = "<group>"; };
		6B2268742B5450C8003A1F2A /* QuizSB.storyboard */ = {isa = PBXFileReference; lastKnownFileType = file.storyboard; path = QuizSB.storyboard; sourceTree = "<group>"; };
		6B5800E22B493E6000C59391 /* MenuSB.storyboard */ = {isa = PBXFileReference; lastKnownFileType = file.storyboard; path = MenuSB.storyboard; sourceTree = "<group>"; };
		6B5800E42B49417800C59391 /* MenuTableViewController.swift */ = {isa = PBXFileReference; lastKnownFileType = sourcecode.swift; path = MenuTableViewController.swift; sourceTree = "<group>"; };
		6B5800E62B4947D900C59391 /* MenuTableViewCell.swift */ = {isa = PBXFileReference; lastKnownFileType = sourcecode.swift; path = MenuTableViewCell.swift; sourceTree = "<group>"; };
		6B7E94A82B39F46B00170816 /* cutletQuestApp.app */ = {isa = PBXFileReference; explicitFileType = wrapper.application; includeInIndex = 0; path = cutletQuestApp.app; sourceTree = BUILT_PRODUCTS_DIR; };
		6B7E94AB2B39F46B00170816 /* AppDelegate.swift */ = {isa = PBXFileReference; lastKnownFileType = sourcecode.swift; path = AppDelegate.swift; sourceTree = "<group>"; };
		6B7E94AD2B39F46B00170816 /* SceneDelegate.swift */ = {isa = PBXFileReference; lastKnownFileType = sourcecode.swift; path = SceneDelegate.swift; sourceTree = "<group>"; };
		6B7E94AF2B39F46B00170816 /* ViewController.swift */ = {isa = PBXFileReference; lastKnownFileType = sourcecode.swift; path = ViewController.swift; sourceTree = "<group>"; };
		6B7E94B22B39F46B00170816 /* Base */ = {isa = PBXFileReference; lastKnownFileType = file.storyboard; name = Base; path = Base.lproj/Main.storyboard; sourceTree = "<group>"; };
		6B7E94B42B39F46F00170816 /* Assets.xcassets */ = {isa = PBXFileReference; lastKnownFileType = folder.assetcatalog; path = Assets.xcassets; sourceTree = "<group>"; };
		6B7E94B72B39F46F00170816 /* Base */ = {isa = PBXFileReference; lastKnownFileType = file.storyboard; name = Base; path = Base.lproj/LaunchScreen.storyboard; sourceTree = "<group>"; };
		6B7E94B92B39F46F00170816 /* Info.plist */ = {isa = PBXFileReference; lastKnownFileType = text.plist.xml; path = Info.plist; sourceTree = "<group>"; };
		6B7E94BE2B39F47000170816 /* cutletQuestAppTests.xctest */ = {isa = PBXFileReference; explicitFileType = wrapper.cfbundle; includeInIndex = 0; path = cutletQuestAppTests.xctest; sourceTree = BUILT_PRODUCTS_DIR; };
		6B7E94C82B39F47000170816 /* cutletQuestAppUITests.xctest */ = {isa = PBXFileReference; explicitFileType = wrapper.cfbundle; includeInIndex = 0; path = cutletQuestAppUITests.xctest; sourceTree = BUILT_PRODUCTS_DIR; };
		6B7E94DB2B3A676600170816 /* Product.swift */ = {isa = PBXFileReference; lastKnownFileType = sourcecode.swift; path = Product.swift; sourceTree = "<group>"; };
		6B88B3CB2B4DFE8A000DAB92 /* QuizTableViewCell.swift */ = {isa = PBXFileReference; lastKnownFileType = sourcecode.swift; path = QuizTableViewCell.swift; sourceTree = "<group>"; };
		88C1CDE42B4DBF300044EB9F /* DataStore.swift */ = {isa = PBXFileReference; lastKnownFileType = sourcecode.swift; path = DataStore.swift; sourceTree = "<group>"; };
		88C1CDE82B4DDCC50044EB9F /* SessionManager.swift */ = {isa = PBXFileReference; lastKnownFileType = sourcecode.swift; path = SessionManager.swift; sourceTree = "<group>"; };
		C448857D2B45BB9F001B52A1 /* WelcomeViewController.swift */ = {isa = PBXFileReference; lastKnownFileType = sourcecode.swift; path = WelcomeViewController.swift; sourceTree = "<group>"; };
		C4BCBE472B45E60E002D2327 /* RegistrationViewController.swift */ = {isa = PBXFileReference; lastKnownFileType = sourcecode.swift; path = RegistrationViewController.swift; sourceTree = "<group>"; };
		C4BCBE492B46062C002D2327 /* User.swift */ = {isa = PBXFileReference; lastKnownFileType = sourcecode.swift; path = User.swift; sourceTree = "<group>"; };
/* End PBXFileReference section */

/* Begin PBXFrameworksBuildPhase section */
		6B7E94A52B39F46B00170816 /* Frameworks */ = {
			isa = PBXFrameworksBuildPhase;
			buildActionMask = 2147483647;
			files = (
			);
			runOnlyForDeploymentPostprocessing = 0;
		};
		6B7E94BB2B39F47000170816 /* Frameworks */ = {
			isa = PBXFrameworksBuildPhase;
			buildActionMask = 2147483647;
			files = (
			);
			runOnlyForDeploymentPostprocessing = 0;
		};
		6B7E94C52B39F47000170816 /* Frameworks */ = {
			isa = PBXFrameworksBuildPhase;
			buildActionMask = 2147483647;
			files = (
			);
			runOnlyForDeploymentPostprocessing = 0;
		};
/* End PBXFrameworksBuildPhase section */

/* Begin PBXGroup section */
		423429F82B5849A800253155 /* Settings */ = {
			isa = PBXGroup;
			children = (
				4299355B2B58A93900EC6409 /* AboutUsViewController.swift */,
				4299355D2B58AA1100EC6409 /* SettingsTableViewController.swift */,
			);
			path = Settings;
			sourceTree = "<group>";
		};
		6B1485222B450C6900347171 /* Storyboards */ = {
			isa = PBXGroup;
			children = (
				6B7E94B12B39F46B00170816 /* Main.storyboard */,
				6B5800E22B493E6000C59391 /* MenuSB.storyboard */,
				6B1485322B45B00F00347171 /* CartSB.storyboard */,
				6B1485302B45AFAC00347171 /* AboutUsSB.storyboard */,
				6B14852C2B45ACC400347171 /* WelcomeSB.storyboard */,
				6B7E94B62B39F46F00170816 /* LaunchScreen.storyboard */,
				6B2268742B5450C8003A1F2A /* QuizSB.storyboard */,
				423930D32B5827B40020D8E7 /* Settings.storyboard */,
			);
			path = Storyboards;
			sourceTree = "<group>";
		};
		6B14852B2B450E8800347171 /* App */ = {
			isa = PBXGroup;
			children = (
				6B7E94AB2B39F46B00170816 /* AppDelegate.swift */,
				6B7E94AD2B39F46B00170816 /* SceneDelegate.swift */,
				6B7E94B92B39F46F00170816 /* Info.plist */,
			);
			path = App;
			sourceTree = "<group>";
		};
		6B7E949F2B39F46A00170816 = {
			isa = PBXGroup;
			children = (
				6B7E94AA2B39F46B00170816 /* cutletQuestApp */,
				6B7E94A92B39F46B00170816 /* Products */,
			);
			sourceTree = "<group>";
		};
		6B7E94A92B39F46B00170816 /* Products */ = {
			isa = PBXGroup;
			children = (
				6B7E94A82B39F46B00170816 /* cutletQuestApp.app */,
				6B7E94BE2B39F47000170816 /* cutletQuestAppTests.xctest */,
				6B7E94C82B39F47000170816 /* cutletQuestAppUITests.xctest */,
			);
			name = Products;
			sourceTree = "<group>";
		};
		6B7E94AA2B39F46B00170816 /* cutletQuestApp */ = {
			isa = PBXGroup;
			children = (
				88C1CDE32B4DBF1D0044EB9F /* Services */,
				6B7E94B42B39F46F00170816 /* Assets.xcassets */,
				6B7E94DD2B3A67D900170816 /* Models */,
				6B14852B2B450E8800347171 /* App */,
				6BA2788B2B3B5708007D56E8 /* ViewControllers */,
				6B1485222B450C6900347171 /* Storyboards */,
			);
			path = cutletQuestApp;
			sourceTree = "<group>";
		};
		6B7E94DD2B3A67D900170816 /* Models */ = {
			isa = PBXGroup;
			children = (
				6B7E94DB2B3A676600170816 /* Product.swift */,
				C4BCBE492B46062C002D2327 /* User.swift */,
			);
			path = Models;
			sourceTree = "<group>";
		};
		6B88B3CA2B4DFE43000DAB92 /* Menu */ = {
			isa = PBXGroup;
			children = (
				6B5800E42B49417800C59391 /* MenuTableViewController.swift */,
				6B5800E62B4947D900C59391 /* MenuTableViewCell.swift */,
				6B88B3CB2B4DFE8A000DAB92 /* QuizTableViewCell.swift */,
			);
			path = Menu;
			sourceTree = "<group>";
		};
		6BA2788B2B3B5708007D56E8 /* ViewControllers */ = {
			isa = PBXGroup;
			children = (
				423429F82B5849A800253155 /* Settings */,
				6B7E94AF2B39F46B00170816 /* ViewController.swift */,
				C448857D2B45BB9F001B52A1 /* WelcomeViewController.swift */,
				C4BCBE472B45E60E002D2327 /* RegistrationViewController.swift */,
				6B88B3CA2B4DFE43000DAB92 /* Menu */,
			);
			path = ViewControllers;
			sourceTree = "<group>";
		};
		88C1CDE32B4DBF1D0044EB9F /* Services */ = {
			isa = PBXGroup;
			children = (
				88C1CDE42B4DBF300044EB9F /* DataStore.swift */,
				88C1CDE82B4DDCC50044EB9F /* SessionManager.swift */,
			);
			path = Services;
			sourceTree = "<group>";
		};
/* End PBXGroup section */

/* Begin PBXNativeTarget section */
		6B7E94A72B39F46B00170816 /* cutletQuestApp */ = {
			isa = PBXNativeTarget;
			buildConfigurationList = 6B7E94D22B39F47000170816 /* Build configuration list for PBXNativeTarget "cutletQuestApp" */;
			buildPhases = (
				6B7E94A42B39F46B00170816 /* Sources */,
				6B7E94A52B39F46B00170816 /* Frameworks */,
				6B7E94A62B39F46B00170816 /* Resources */,
			);
			buildRules = (
			);
			dependencies = (
			);
			name = cutletQuestApp;
			productName = cutletQuestApp;
			productReference = 6B7E94A82B39F46B00170816 /* cutletQuestApp.app */;
			productType = "com.apple.product-type.application";
		};
		6B7E94BD2B39F47000170816 /* cutletQuestAppTests */ = {
			isa = PBXNativeTarget;
			buildConfigurationList = 6B7E94D52B39F47000170816 /* Build configuration list for PBXNativeTarget "cutletQuestAppTests" */;
			buildPhases = (
				6B7E94BA2B39F47000170816 /* Sources */,
				6B7E94BB2B39F47000170816 /* Frameworks */,
				6B7E94BC2B39F47000170816 /* Resources */,
			);
			buildRules = (
			);
			dependencies = (
				6B7E94C02B39F47000170816 /* PBXTargetDependency */,
			);
			name = cutletQuestAppTests;
			productName = cutletQuestAppTests;
			productReference = 6B7E94BE2B39F47000170816 /* cutletQuestAppTests.xctest */;
			productType = "com.apple.product-type.bundle.unit-test";
		};
		6B7E94C72B39F47000170816 /* cutletQuestAppUITests */ = {
			isa = PBXNativeTarget;
			buildConfigurationList = 6B7E94D82B39F47000170816 /* Build configuration list for PBXNativeTarget "cutletQuestAppUITests" */;
			buildPhases = (
				6B7E94C42B39F47000170816 /* Sources */,
				6B7E94C52B39F47000170816 /* Frameworks */,
				6B7E94C62B39F47000170816 /* Resources */,
			);
			buildRules = (
			);
			dependencies = (
				6B7E94CA2B39F47000170816 /* PBXTargetDependency */,
			);
			name = cutletQuestAppUITests;
			productName = cutletQuestAppUITests;
			productReference = 6B7E94C82B39F47000170816 /* cutletQuestAppUITests.xctest */;
			productType = "com.apple.product-type.bundle.ui-testing";
		};
/* End PBXNativeTarget section */

/* Begin PBXProject section */
		6B7E94A02B39F46A00170816 /* Project object */ = {
			isa = PBXProject;
			attributes = {
				BuildIndependentTargetsInParallel = 1;
				LastSwiftUpdateCheck = 1510;
				LastUpgradeCheck = 1510;
				TargetAttributes = {
					6B7E94A72B39F46B00170816 = {
						CreatedOnToolsVersion = 15.1;
					};
					6B7E94BD2B39F47000170816 = {
						CreatedOnToolsVersion = 15.1;
						TestTargetID = 6B7E94A72B39F46B00170816;
					};
					6B7E94C72B39F47000170816 = {
						CreatedOnToolsVersion = 15.1;
						TestTargetID = 6B7E94A72B39F46B00170816;
					};
				};
			};
			buildConfigurationList = 6B7E94A32B39F46A00170816 /* Build configuration list for PBXProject "cutletQuestApp" */;
			compatibilityVersion = "Xcode 14.0";
			developmentRegion = en;
			hasScannedForEncodings = 0;
			knownRegions = (
				en,
				Base,
			);
			mainGroup = 6B7E949F2B39F46A00170816;
			productRefGroup = 6B7E94A92B39F46B00170816 /* Products */;
			projectDirPath = "";
			projectRoot = "";
			targets = (
				6B7E94A72B39F46B00170816 /* cutletQuestApp */,
				6B7E94BD2B39F47000170816 /* cutletQuestAppTests */,
				6B7E94C72B39F47000170816 /* cutletQuestAppUITests */,
			);
		};
/* End PBXProject section */

/* Begin PBXResourcesBuildPhase section */
		6B7E94A62B39F46B00170816 /* Resources */ = {
			isa = PBXResourcesBuildPhase;
			buildActionMask = 2147483647;
			files = (
				6B14852D2B45ACC400347171 /* WelcomeSB.storyboard in Resources */,
				6B7E94B82B39F46F00170816 /* LaunchScreen.storyboard in Resources */,
				6B5800E32B493E6000C59391 /* MenuSB.storyboard in Resources */,
				6B7E94B52B39F46F00170816 /* Assets.xcassets in Resources */,
				6B1485312B45AFAC00347171 /* AboutUsSB.storyboard in Resources */,
				6B1485332B45B00F00347171 /* CartSB.storyboard in Resources */,
				6B2268752B5450C8003A1F2A /* QuizSB.storyboard in Resources */,
				6B7E94B32B39F46B00170816 /* Main.storyboard in Resources */,
				423930D42B5827B40020D8E7 /* Settings.storyboard in Resources */,
			);
			runOnlyForDeploymentPostprocessing = 0;
		};
		6B7E94BC2B39F47000170816 /* Resources */ = {
			isa = PBXResourcesBuildPhase;
			buildActionMask = 2147483647;
			files = (
			);
			runOnlyForDeploymentPostprocessing = 0;
		};
		6B7E94C62B39F47000170816 /* Resources */ = {
			isa = PBXResourcesBuildPhase;
			buildActionMask = 2147483647;
			files = (
			);
			runOnlyForDeploymentPostprocessing = 0;
		};
/* End PBXResourcesBuildPhase section */

/* Begin PBXSourcesBuildPhase section */
		6B7E94A42B39F46B00170816 /* Sources */ = {
			isa = PBXSourcesBuildPhase;
			buildActionMask = 2147483647;
			files = (
				C4BCBE482B45E60E002D2327 /* RegistrationViewController.swift in Sources */,
				4299355C2B58A93900EC6409 /* AboutUsViewController.swift in Sources */,
				6B7E94B02B39F46B00170816 /* ViewController.swift in Sources */,
				6B88B3CC2B4DFE8A000DAB92 /* QuizTableViewCell.swift in Sources */,
				C448857E2B45BB9F001B52A1 /* WelcomeViewController.swift in Sources */,
				88C1CDE52B4DBF300044EB9F /* DataStore.swift in Sources */,
				4299355E2B58AA1100EC6409 /* SettingsTableViewController.swift in Sources */,
				6B7E94DC2B3A676700170816 /* Product.swift in Sources */,
				6B5800E52B49417800C59391 /* MenuTableViewController.swift in Sources */,
				6B5800E72B4947D900C59391 /* MenuTableViewCell.swift in Sources */,
				6B7E94AC2B39F46B00170816 /* AppDelegate.swift in Sources */,
				6B7E94AE2B39F46B00170816 /* SceneDelegate.swift in Sources */,
				C4BCBE4A2B46062C002D2327 /* User.swift in Sources */,
				88C1CDE92B4DDCC50044EB9F /* SessionManager.swift in Sources */,
			);
			runOnlyForDeploymentPostprocessing = 0;
		};
		6B7E94BA2B39F47000170816 /* Sources */ = {
			isa = PBXSourcesBuildPhase;
			buildActionMask = 2147483647;
			files = (
			);
			runOnlyForDeploymentPostprocessing = 0;
		};
		6B7E94C42B39F47000170816 /* Sources */ = {
			isa = PBXSourcesBuildPhase;
			buildActionMask = 2147483647;
			files = (
			);
			runOnlyForDeploymentPostprocessing = 0;
		};
/* End PBXSourcesBuildPhase section */

/* Begin PBXTargetDependency section */
		6B7E94C02B39F47000170816 /* PBXTargetDependency */ = {
			isa = PBXTargetDependency;
			target = 6B7E94A72B39F46B00170816 /* cutletQuestApp */;
			targetProxy = 6B7E94BF2B39F47000170816 /* PBXContainerItemProxy */;
		};
		6B7E94CA2B39F47000170816 /* PBXTargetDependency */ = {
			isa = PBXTargetDependency;
			target = 6B7E94A72B39F46B00170816 /* cutletQuestApp */;
			targetProxy = 6B7E94C92B39F47000170816 /* PBXContainerItemProxy */;
		};
/* End PBXTargetDependency section */

/* Begin PBXVariantGroup section */
		6B7E94B12B39F46B00170816 /* Main.storyboard */ = {
			isa = PBXVariantGroup;
			children = (
				6B7E94B22B39F46B00170816 /* Base */,
			);
			name = Main.storyboard;
			sourceTree = "<group>";
		};
		6B7E94B62B39F46F00170816 /* LaunchScreen.storyboard */ = {
			isa = PBXVariantGroup;
			children = (
				6B7E94B72B39F46F00170816 /* Base */,
			);
			name = LaunchScreen.storyboard;
			sourceTree = "<group>";
		};
/* End PBXVariantGroup section */

/* Begin XCBuildConfiguration section */
		6B7E94D02B39F47000170816 /* Debug */ = {
			isa = XCBuildConfiguration;
			buildSettings = {
				ALWAYS_SEARCH_USER_PATHS = NO;
				ASSETCATALOG_COMPILER_GENERATE_SWIFT_ASSET_SYMBOL_EXTENSIONS = YES;
				CLANG_ANALYZER_NONNULL = YES;
				CLANG_ANALYZER_NUMBER_OBJECT_CONVERSION = YES_AGGRESSIVE;
				CLANG_CXX_LANGUAGE_STANDARD = "gnu++20";
				CLANG_ENABLE_MODULES = YES;
				CLANG_ENABLE_OBJC_ARC = YES;
				CLANG_ENABLE_OBJC_WEAK = YES;
				CLANG_WARN_BLOCK_CAPTURE_AUTORELEASING = YES;
				CLANG_WARN_BOOL_CONVERSION = YES;
				CLANG_WARN_COMMA = YES;
				CLANG_WARN_CONSTANT_CONVERSION = YES;
				CLANG_WARN_DEPRECATED_OBJC_IMPLEMENTATIONS = YES;
				CLANG_WARN_DIRECT_OBJC_ISA_USAGE = YES_ERROR;
				CLANG_WARN_DOCUMENTATION_COMMENTS = YES;
				CLANG_WARN_EMPTY_BODY = YES;
				CLANG_WARN_ENUM_CONVERSION = YES;
				CLANG_WARN_INFINITE_RECURSION = YES;
				CLANG_WARN_INT_CONVERSION = YES;
				CLANG_WARN_NON_LITERAL_NULL_CONVERSION = YES;
				CLANG_WARN_OBJC_IMPLICIT_RETAIN_SELF = YES;
				CLANG_WARN_OBJC_LITERAL_CONVERSION = YES;
				CLANG_WARN_OBJC_ROOT_CLASS = YES_ERROR;
				CLANG_WARN_QUOTED_INCLUDE_IN_FRAMEWORK_HEADER = YES;
				CLANG_WARN_RANGE_LOOP_ANALYSIS = YES;
				CLANG_WARN_STRICT_PROTOTYPES = YES;
				CLANG_WARN_SUSPICIOUS_MOVE = YES;
				CLANG_WARN_UNGUARDED_AVAILABILITY = YES_AGGRESSIVE;
				CLANG_WARN_UNREACHABLE_CODE = YES;
				CLANG_WARN__DUPLICATE_METHOD_MATCH = YES;
				COPY_PHASE_STRIP = NO;
				DEBUG_INFORMATION_FORMAT = dwarf;
				ENABLE_STRICT_OBJC_MSGSEND = YES;
				ENABLE_TESTABILITY = YES;
				ENABLE_USER_SCRIPT_SANDBOXING = YES;
				GCC_C_LANGUAGE_STANDARD = gnu17;
				GCC_DYNAMIC_NO_PIC = NO;
				GCC_NO_COMMON_BLOCKS = YES;
				GCC_OPTIMIZATION_LEVEL = 0;
				GCC_PREPROCESSOR_DEFINITIONS = (
					"DEBUG=1",
					"$(inherited)",
				);
				GCC_WARN_64_TO_32_BIT_CONVERSION = YES;
				GCC_WARN_ABOUT_RETURN_TYPE = YES_ERROR;
				GCC_WARN_UNDECLARED_SELECTOR = YES;
				GCC_WARN_UNINITIALIZED_AUTOS = YES_AGGRESSIVE;
				GCC_WARN_UNUSED_FUNCTION = YES;
				GCC_WARN_UNUSED_VARIABLE = YES;
				IPHONEOS_DEPLOYMENT_TARGET = 17.2;
				LOCALIZATION_PREFERS_STRING_CATALOGS = YES;
				MTL_ENABLE_DEBUG_INFO = INCLUDE_SOURCE;
				MTL_FAST_MATH = YES;
				ONLY_ACTIVE_ARCH = YES;
				SDKROOT = iphoneos;
				SWIFT_ACTIVE_COMPILATION_CONDITIONS = "DEBUG $(inherited)";
				SWIFT_OPTIMIZATION_LEVEL = "-Onone";
			};
			name = Debug;
		};
		6B7E94D12B39F47000170816 /* Release */ = {
			isa = XCBuildConfiguration;
			buildSettings = {
				ALWAYS_SEARCH_USER_PATHS = NO;
				ASSETCATALOG_COMPILER_GENERATE_SWIFT_ASSET_SYMBOL_EXTENSIONS = YES;
				CLANG_ANALYZER_NONNULL = YES;
				CLANG_ANALYZER_NUMBER_OBJECT_CONVERSION = YES_AGGRESSIVE;
				CLANG_CXX_LANGUAGE_STANDARD = "gnu++20";
				CLANG_ENABLE_MODULES = YES;
				CLANG_ENABLE_OBJC_ARC = YES;
				CLANG_ENABLE_OBJC_WEAK = YES;
				CLANG_WARN_BLOCK_CAPTURE_AUTORELEASING = YES;
				CLANG_WARN_BOOL_CONVERSION = YES;
				CLANG_WARN_COMMA = YES;
				CLANG_WARN_CONSTANT_CONVERSION = YES;
				CLANG_WARN_DEPRECATED_OBJC_IMPLEMENTATIONS = YES;
				CLANG_WARN_DIRECT_OBJC_ISA_USAGE = YES_ERROR;
				CLANG_WARN_DOCUMENTATION_COMMENTS = YES;
				CLANG_WARN_EMPTY_BODY = YES;
				CLANG_WARN_ENUM_CONVERSION = YES;
				CLANG_WARN_INFINITE_RECURSION = YES;
				CLANG_WARN_INT_CONVERSION = YES;
				CLANG_WARN_NON_LITERAL_NULL_CONVERSION = YES;
				CLANG_WARN_OBJC_IMPLICIT_RETAIN_SELF = YES;
				CLANG_WARN_OBJC_LITERAL_CONVERSION = YES;
				CLANG_WARN_OBJC_ROOT_CLASS = YES_ERROR;
				CLANG_WARN_QUOTED_INCLUDE_IN_FRAMEWORK_HEADER = YES;
				CLANG_WARN_RANGE_LOOP_ANALYSIS = YES;
				CLANG_WARN_STRICT_PROTOTYPES = YES;
				CLANG_WARN_SUSPICIOUS_MOVE = YES;
				CLANG_WARN_UNGUARDED_AVAILABILITY = YES_AGGRESSIVE;
				CLANG_WARN_UNREACHABLE_CODE = YES;
				CLANG_WARN__DUPLICATE_METHOD_MATCH = YES;
				COPY_PHASE_STRIP = NO;
				DEBUG_INFORMATION_FORMAT = "dwarf-with-dsym";
				ENABLE_NS_ASSERTIONS = NO;
				ENABLE_STRICT_OBJC_MSGSEND = YES;
				ENABLE_USER_SCRIPT_SANDBOXING = YES;
				GCC_C_LANGUAGE_STANDARD = gnu17;
				GCC_NO_COMMON_BLOCKS = YES;
				GCC_WARN_64_TO_32_BIT_CONVERSION = YES;
				GCC_WARN_ABOUT_RETURN_TYPE = YES_ERROR;
				GCC_WARN_UNDECLARED_SELECTOR = YES;
				GCC_WARN_UNINITIALIZED_AUTOS = YES_AGGRESSIVE;
				GCC_WARN_UNUSED_FUNCTION = YES;
				GCC_WARN_UNUSED_VARIABLE = YES;
				IPHONEOS_DEPLOYMENT_TARGET = 17.2;
				LOCALIZATION_PREFERS_STRING_CATALOGS = YES;
				MTL_ENABLE_DEBUG_INFO = NO;
				MTL_FAST_MATH = YES;
				SDKROOT = iphoneos;
				SWIFT_COMPILATION_MODE = wholemodule;
				VALIDATE_PRODUCT = YES;
			};
			name = Release;
		};
		6B7E94D32B39F47000170816 /* Debug */ = {
			isa = XCBuildConfiguration;
			buildSettings = {
				ASSETCATALOG_COMPILER_APPICON_NAME = AppIcon;
				ASSETCATALOG_COMPILER_GLOBAL_ACCENT_COLOR_NAME = AccentColor;
				CODE_SIGN_IDENTITY = "Apple Development";
				CODE_SIGN_STYLE = Automatic;
				CURRENT_PROJECT_VERSION = 1;
				DEVELOPMENT_TEAM = 6NTBUA69W9;
				GENERATE_INFOPLIST_FILE = YES;
				INFOPLIST_FILE = cutletQuestApp/App/Info.plist;
				INFOPLIST_KEY_UIApplicationSupportsIndirectInputEvents = YES;
				INFOPLIST_KEY_UILaunchStoryboardName = LaunchScreen;
				INFOPLIST_KEY_UIMainStoryboardFile = Main;
				INFOPLIST_KEY_UISupportedInterfaceOrientations = UIInterfaceOrientationPortrait;
				INFOPLIST_KEY_UISupportedInterfaceOrientations_iPad = "UIInterfaceOrientationLandscapeLeft UIInterfaceOrientationLandscapeRight UIInterfaceOrientationPortrait UIInterfaceOrientationPortraitUpsideDown";
				IPHONEOS_DEPLOYMENT_TARGET = 16.6;
				LD_RUNPATH_SEARCH_PATHS = (
					"$(inherited)",
					"@executable_path/Frameworks",
				);
				MARKETING_VERSION = 1.0;
				PRODUCT_BUNDLE_IDENTIFIER = AleksandrGoncharov.cutletQuestApp;
				PRODUCT_NAME = "$(TARGET_NAME)";
				PROVISIONING_PROFILE_SPECIFIER = "";
				SUPPORTED_PLATFORMS = "iphoneos iphonesimulator";
				SUPPORTS_MACCATALYST = NO;
				SUPPORTS_MAC_DESIGNED_FOR_IPHONE_IPAD = NO;
				SWIFT_EMIT_LOC_STRINGS = YES;
				SWIFT_VERSION = 5.0;
				TARGETED_DEVICE_FAMILY = 1;
			};
			name = Debug;
		};
		6B7E94D42B39F47000170816 /* Release */ = {
			isa = XCBuildConfiguration;
			buildSettings = {
				ASSETCATALOG_COMPILER_APPICON_NAME = AppIcon;
				ASSETCATALOG_COMPILER_GLOBAL_ACCENT_COLOR_NAME = AccentColor;
				CODE_SIGN_IDENTITY = "Apple Development";
				CODE_SIGN_STYLE = Automatic;
				CURRENT_PROJECT_VERSION = 1;
				DEVELOPMENT_TEAM = 6NTBUA69W9;
				GENERATE_INFOPLIST_FILE = YES;
				INFOPLIST_FILE = cutletQuestApp/App/Info.plist;
				INFOPLIST_KEY_UIApplicationSupportsIndirectInputEvents = YES;
				INFOPLIST_KEY_UILaunchStoryboardName = LaunchScreen;
				INFOPLIST_KEY_UIMainStoryboardFile = Main;
				INFOPLIST_KEY_UISupportedInterfaceOrientations = UIInterfaceOrientationPortrait;
				INFOPLIST_KEY_UISupportedInterfaceOrientations_iPad = "UIInterfaceOrientationLandscapeLeft UIInterfaceOrientationLandscapeRight UIInterfaceOrientationPortrait UIInterfaceOrientationPortraitUpsideDown";
				IPHONEOS_DEPLOYMENT_TARGET = 16.6;
				LD_RUNPATH_SEARCH_PATHS = (
					"$(inherited)",
					"@executable_path/Frameworks",
				);
				MARKETING_VERSION = 1.0;
				PRODUCT_BUNDLE_IDENTIFIER = AleksandrGoncharov.cutletQuestApp;
				PRODUCT_NAME = "$(TARGET_NAME)";
				PROVISIONING_PROFILE_SPECIFIER = "";
				SUPPORTED_PLATFORMS = "iphoneos iphonesimulator";
				SUPPORTS_MACCATALYST = NO;
				SUPPORTS_MAC_DESIGNED_FOR_IPHONE_IPAD = NO;
				SWIFT_EMIT_LOC_STRINGS = YES;
				SWIFT_VERSION = 5.0;
				TARGETED_DEVICE_FAMILY = 1;
			};
			name = Release;
		};
		6B7E94D62B39F47000170816 /* Debug */ = {
			isa = XCBuildConfiguration;
			buildSettings = {
				ALWAYS_EMBED_SWIFT_STANDARD_LIBRARIES = YES;
				BUNDLE_LOADER = "$(TEST_HOST)";
				CODE_SIGN_STYLE = Automatic;
				CURRENT_PROJECT_VERSION = 1;
				GENERATE_INFOPLIST_FILE = YES;
				IPHONEOS_DEPLOYMENT_TARGET = 17.2;
				MARKETING_VERSION = 1.0;
				PRODUCT_BUNDLE_IDENTIFIER = AleksandrGoncharov.cutletQuestAppTests;
				PRODUCT_NAME = "$(TARGET_NAME)";
				SWIFT_EMIT_LOC_STRINGS = NO;
				SWIFT_VERSION = 5.0;
				TARGETED_DEVICE_FAMILY = "1,2";
				TEST_HOST = "$(BUILT_PRODUCTS_DIR)/cutletQuestApp.app/$(BUNDLE_EXECUTABLE_FOLDER_PATH)/cutletQuestApp";
			};
			name = Debug;
		};
		6B7E94D72B39F47000170816 /* Release */ = {
			isa = XCBuildConfiguration;
			buildSettings = {
				ALWAYS_EMBED_SWIFT_STANDARD_LIBRARIES = YES;
				BUNDLE_LOADER = "$(TEST_HOST)";
				CODE_SIGN_STYLE = Automatic;
				CURRENT_PROJECT_VERSION = 1;
				GENERATE_INFOPLIST_FILE = YES;
				IPHONEOS_DEPLOYMENT_TARGET = 17.2;
				MARKETING_VERSION = 1.0;
				PRODUCT_BUNDLE_IDENTIFIER = AleksandrGoncharov.cutletQuestAppTests;
				PRODUCT_NAME = "$(TARGET_NAME)";
				SWIFT_EMIT_LOC_STRINGS = NO;
				SWIFT_VERSION = 5.0;
				TARGETED_DEVICE_FAMILY = "1,2";
				TEST_HOST = "$(BUILT_PRODUCTS_DIR)/cutletQuestApp.app/$(BUNDLE_EXECUTABLE_FOLDER_PATH)/cutletQuestApp";
			};
			name = Release;
		};
		6B7E94D92B39F47000170816 /* Debug */ = {
			isa = XCBuildConfiguration;
			buildSettings = {
				ALWAYS_EMBED_SWIFT_STANDARD_LIBRARIES = YES;
				CODE_SIGN_STYLE = Automatic;
				CURRENT_PROJECT_VERSION = 1;
				GENERATE_INFOPLIST_FILE = YES;
				MARKETING_VERSION = 1.0;
				PRODUCT_BUNDLE_IDENTIFIER = AleksandrGoncharov.cutletQuestAppUITests;
				PRODUCT_NAME = "$(TARGET_NAME)";
				SWIFT_EMIT_LOC_STRINGS = NO;
				SWIFT_VERSION = 5.0;
				TARGETED_DEVICE_FAMILY = "1,2";
				TEST_TARGET_NAME = cutletQuestApp;
			};
			name = Debug;
		};
		6B7E94DA2B39F47000170816 /* Release */ = {
			isa = XCBuildConfiguration;
			buildSettings = {
				ALWAYS_EMBED_SWIFT_STANDARD_LIBRARIES = YES;
				CODE_SIGN_STYLE = Automatic;
				CURRENT_PROJECT_VERSION = 1;
				GENERATE_INFOPLIST_FILE = YES;
				MARKETING_VERSION = 1.0;
				PRODUCT_BUNDLE_IDENTIFIER = AleksandrGoncharov.cutletQuestAppUITests;
				PRODUCT_NAME = "$(TARGET_NAME)";
				SWIFT_EMIT_LOC_STRINGS = NO;
				SWIFT_VERSION = 5.0;
				TARGETED_DEVICE_FAMILY = "1,2";
				TEST_TARGET_NAME = cutletQuestApp;
			};
			name = Release;
		};
/* End XCBuildConfiguration section */

/* Begin XCConfigurationList section */
		6B7E94A32B39F46A00170816 /* Build configuration list for PBXProject "cutletQuestApp" */ = {
			isa = XCConfigurationList;
			buildConfigurations = (
				6B7E94D02B39F47000170816 /* Debug */,
				6B7E94D12B39F47000170816 /* Release */,
			);
			defaultConfigurationIsVisible = 0;
			defaultConfigurationName = Release;
		};
		6B7E94D22B39F47000170816 /* Build configuration list for PBXNativeTarget "cutletQuestApp" */ = {
			isa = XCConfigurationList;
			buildConfigurations = (
				6B7E94D32B39F47000170816 /* Debug */,
				6B7E94D42B39F47000170816 /* Release */,
			);
			defaultConfigurationIsVisible = 0;
			defaultConfigurationName = Release;
		};
		6B7E94D52B39F47000170816 /* Build configuration list for PBXNativeTarget "cutletQuestAppTests" */ = {
			isa = XCConfigurationList;
			buildConfigurations = (
				6B7E94D62B39F47000170816 /* Debug */,
				6B7E94D72B39F47000170816 /* Release */,
			);
			defaultConfigurationIsVisible = 0;
			defaultConfigurationName = Release;
		};
		6B7E94D82B39F47000170816 /* Build configuration list for PBXNativeTarget "cutletQuestAppUITests" */ = {
			isa = XCConfigurationList;
			buildConfigurations = (
				6B7E94D92B39F47000170816 /* Debug */,
				6B7E94DA2B39F47000170816 /* Release */,
			);
			defaultConfigurationIsVisible = 0;
			defaultConfigurationName = Release;
		};
/* End XCConfigurationList section */
	};
	rootObject = 6B7E94A02B39F46A00170816 /* Project object */;
}
